{
    "hash": "28e85b37dfe1c569df33ba4a59127d20",
    "packages": [
        {
            "name": "arbit/xml",
            "version": "dev-master",
            "source": {
                "type": "git",
                "url": "https://github.com/Arbitracker/XML",
                "reference": "148f4b3e98dea820404aec4216d1e863aac8d730"
            },
            "type": "library",
            "autoload": {
                "psr-0": {
                    "Arbit\\Xml": "src/php/"
                }
            },
            "description": "XML reader with a SimpleXML like API.",
            "time": "2013-03-31 10:08:14"
        }
    ],
    "packages-dev": [

    ],
    "aliases": [

    ],
    "minimum-stability": "dev",
    "stability-flags": [

    ],
    "platform": [

    ],
    "platform-dev": [

    ]
}
