{
    "hash": "446cdbd18b61f8151e41e165acf8c2be",
    "packages": [
        {
            "name": "arbit/xml",
            "version": "1.0.1",
            "source": {
                "type": "git",
                "url": "https://github.com/Arbitracker/XML.git",
                "reference": "1.0.1"
            },
            "dist": {
                "type": "zip",
                "url": "https://api.github.com/repos/Arbitracker/XML/zipball/1.0.1",
                "reference": "1.0.1",
                "shasum": ""
            },
            "type": "library",
            "autoload": {
                "psr-0": {
                    "Arbit\\Xml": "src/php/"
                }
            },
            "notification-url": "http://packagist.org/downloads/",
            "description": "XML reader with a SimpleXML like API.",
            "time": "2013-03-31 10:28:29"
        }
    ],
    "packages-dev": [

    ],
    "aliases": [

    ],
    "minimum-stability": "stable",
    "stability-flags": [

    ],
    "platform": [

    ],
    "platform-dev": [

    ]
}
